
Microsoft Visual Studio Solution File, Format Version 12.00
# Visual Studio Version 16
VisualStudioVersion = 16.0.29503.13
MinimumVisualStudioVersion = 10.0.40219.1
Project("{FAE04EC0-301F-11D3-BF4B-00C04F79EFBC}") = "WindowsFormsApp1", "WindowsFormsApp1.csproj", "{B82574E6-5E9F-45CE-B945-012544E16BD8}"
EndProject
Global
	GlobalSection(SolutionConfigurationPlatforms) = preSolution
		Debug|Any CPU = Debug|Any CPU
		Release|Any CPU = Release|Any CPU
	EndGlobalSection
	GlobalSection(ProjectConfigurationPlatforms) = postSolution
		{B82574E6-5E9F-45CE-B945-012544E16BD8}.Debug|Any CPU.ActiveCfg = Debug|Any CPU
		{B82574E6-5E9F-45CE-B945-012544E16BD8}.Debug|Any CPU.Build.0 = Debug|Any CPU
		{B82574E6-5E9F-45CE-B945-012544E16BD8}.Release|Any CPU.ActiveCfg = Release|Any CPU
		{B82574E6-5E9F-45CE-B945-012544E16BD8}.Release|Any CPU.Build.0 = Release|Any CPU
	EndGlobalSection
	GlobalSection(SolutionProperties) = preSolution
		HideSolutionNode = FALSE
	EndGlobalSection
	GlobalSection(ExtensibilityGlobals) = postSolution
		SolutionGuid = {628A1433-FC17-423E-A78E-48C0CC22E46E}
	EndGlobalSection
EndGlobal
